
Microsoft Visual Studio Solution File, Format Version 12.00
# Visual Studio 15
VisualStudioVersion = 15.0.26730.16
MinimumVisualStudioVersion = 15.0.26124.0
Project("{9A19103F-16F7-4668-BE54-9A1E7A4F7556}") = "Web", "Autodidact.Web\Web.csproj", "{E52A9AF5-9635-402B-8904-D26E9AE88058}"
EndProject
Project("{9A19103F-16F7-4668-BE54-9A1E7A4F7556}") = "Api", "Autodidact.Api\Api.csproj", "{CC58D298-0343-46A5-843F-6136559EFB8F}"
EndProject
Project("{9A19103F-16F7-4668-BE54-9A1E7A4F7556}") = "IdentityServer", "Autodidact.IdentityServer\IdentityServer.csproj", "{523C4722-82C1-4F73-8494-BFEC529859BF}"
EndProject
Project("{FAE04EC0-301F-11D3-BF4B-00C04F79EFBC}") = "Bot", "Autodidact.Bot\Bot.csproj", "{1E154F1B-1A72-4E34-AD57-41136DF4EB22}"
EndProject
Project("{2150E333-8FDC-42A3-9474-1A3956D46DE8}") = "SolutionItems", "SolutionItems", "{28F5DD82-D02A-4DD1-8894-B5D1EC63195C}"
	ProjectSection(SolutionItems) = preProject
		.gitignore = .gitignore
		StyleCop.ruleset = StyleCop.ruleset
	EndProjectSection
EndProject
Project("{FAE04EC0-301F-11D3-BF4B-00C04F79EFBC}") = "Domain", "Domain\Domain.csproj", "{65FE4329-A8EB-47F6-9620-5B0419A4A3A9}"
EndProject
Project("{FAE04EC0-301F-11D3-BF4B-00C04F79EFBC}") = "Bot.Test", "Bot.Test\Bot.Test.csproj", "{048F5B29-AE8C-4234-9A92-C9DEDF059874}"
EndProject
Project("{FAE04EC0-301F-11D3-BF4B-00C04F79EFBC}") = "IdentityServer.Variables", "IdentityServer.Variables\IdentityServer.Variables.csproj", "{315B59A0-3DB8-4973-AC6B-04FEF94C3EC3}"
EndProject
Global
	GlobalSection(SolutionConfigurationPlatforms) = preSolution
		Debug|Any CPU = Debug|Any CPU
		Debug|x64 = Debug|x64
		Debug|x86 = Debug|x86
		Release|Any CPU = Release|Any CPU
		Release|x64 = Release|x64
		Release|x86 = Release|x86
	EndGlobalSection
	GlobalSection(ProjectConfigurationPlatforms) = postSolution
		{E52A9AF5-9635-402B-8904-D26E9AE88058}.Debug|Any CPU.ActiveCfg = Debug|Any CPU
		{E52A9AF5-9635-402B-8904-D26E9AE88058}.Debug|Any CPU.Build.0 = Debug|Any CPU
		{E52A9AF5-9635-402B-8904-D26E9AE88058}.Debug|x64.ActiveCfg = Debug|Any CPU
		{E52A9AF5-9635-402B-8904-D26E9AE88058}.Debug|x64.Build.0 = Debug|Any CPU
		{E52A9AF5-9635-402B-8904-D26E9AE88058}.Debug|x86.ActiveCfg = Debug|Any CPU
		{E52A9AF5-9635-402B-8904-D26E9AE88058}.Debug|x86.Build.0 = Debug|Any CPU
		{E52A9AF5-9635-402B-8904-D26E9AE88058}.Release|Any CPU.ActiveCfg = Release|Any CPU
		{E52A9AF5-9635-402B-8904-D26E9AE88058}.Release|Any CPU.Build.0 = Release|Any CPU
		{E52A9AF5-9635-402B-8904-D26E9AE88058}.Release|x64.ActiveCfg = Release|Any CPU
		{E52A9AF5-9635-402B-8904-D26E9AE88058}.Release|x64.Build.0 = Release|Any CPU
		{E52A9AF5-9635-402B-8904-D26E9AE88058}.Release|x86.ActiveCfg = Release|Any CPU
		{E52A9AF5-9635-402B-8904-D26E9AE88058}.Release|x86.Build.0 = Release|Any CPU
		{CC58D298-0343-46A5-843F-6136559EFB8F}.Debug|Any CPU.ActiveCfg = Debug|Any CPU
		{CC58D298-0343-46A5-843F-6136559EFB8F}.Debug|Any CPU.Build.0 = Debug|Any CPU
		{CC58D298-0343-46A5-843F-6136559EFB8F}.Debug|x64.ActiveCfg = Debug|Any CPU
		{CC58D298-0343-46A5-843F-6136559EFB8F}.Debug|x64.Build.0 = Debug|Any CPU
		{CC58D298-0343-46A5-843F-6136559EFB8F}.Debug|x86.ActiveCfg = Debug|Any CPU
		{CC58D298-0343-46A5-843F-6136559EFB8F}.Debug|x86.Build.0 = Debug|Any CPU
		{CC58D298-0343-46A5-843F-6136559EFB8F}.Release|Any CPU.ActiveCfg = Release|Any CPU
		{CC58D298-0343-46A5-843F-6136559EFB8F}.Release|Any CPU.Build.0 = Release|Any CPU
		{CC58D298-0343-46A5-843F-6136559EFB8F}.Release|x64.ActiveCfg = Release|Any CPU
		{CC58D298-0343-46A5-843F-6136559EFB8F}.Release|x64.Build.0 = Release|Any CPU
		{CC58D298-0343-46A5-843F-6136559EFB8F}.Release|x86.ActiveCfg = Release|Any CPU
		{CC58D298-0343-46A5-843F-6136559EFB8F}.Release|x86.Build.0 = Release|Any CPU
		{523C4722-82C1-4F73-8494-BFEC529859BF}.Debug|Any CPU.ActiveCfg = Debug|Any CPU
		{523C4722-82C1-4F73-8494-BFEC529859BF}.Debug|Any CPU.Build.0 = Debug|Any CPU
		{523C4722-82C1-4F73-8494-BFEC529859BF}.Debug|x64.ActiveCfg = Debug|Any CPU
		{523C4722-82C1-4F73-8494-BFEC529859BF}.Debug|x64.Build.0 = Debug|Any CPU
		{523C4722-82C1-4F73-8494-BFEC529859BF}.Debug|x86.ActiveCfg = Debug|Any CPU
		{523C4722-82C1-4F73-8494-BFEC529859BF}.Debug|x86.Build.0 = Debug|Any CPU
		{523C4722-82C1-4F73-8494-BFEC529859BF}.Release|Any CPU.ActiveCfg = Release|Any CPU
		{523C4722-82C1-4F73-8494-BFEC529859BF}.Release|Any CPU.Build.0 = Release|Any CPU
		{523C4722-82C1-4F73-8494-BFEC529859BF}.Release|x64.ActiveCfg = Release|Any CPU
		{523C4722-82C1-4F73-8494-BFEC529859BF}.Release|x64.Build.0 = Release|Any CPU
		{523C4722-82C1-4F73-8494-BFEC529859BF}.Release|x86.ActiveCfg = Release|Any CPU
		{523C4722-82C1-4F73-8494-BFEC529859BF}.Release|x86.Build.0 = Release|Any CPU
		{1E154F1B-1A72-4E34-AD57-41136DF4EB22}.Debug|Any CPU.ActiveCfg = Debug|Any CPU
		{1E154F1B-1A72-4E34-AD57-41136DF4EB22}.Debug|Any CPU.Build.0 = Debug|Any CPU
		{1E154F1B-1A72-4E34-AD57-41136DF4EB22}.Debug|x64.ActiveCfg = Debug|Any CPU
		{1E154F1B-1A72-4E34-AD57-41136DF4EB22}.Debug|x64.Build.0 = Debug|Any CPU
		{1E154F1B-1A72-4E34-AD57-41136DF4EB22}.Debug|x86.ActiveCfg = Debug|Any CPU
		{1E154F1B-1A72-4E34-AD57-41136DF4EB22}.Debug|x86.Build.0 = Debug|Any CPU
		{1E154F1B-1A72-4E34-AD57-41136DF4EB22}.Release|Any CPU.ActiveCfg = Release|Any CPU
		{1E154F1B-1A72-4E34-AD57-41136DF4EB22}.Release|Any CPU.Build.0 = Release|Any CPU
		{1E154F1B-1A72-4E34-AD57-41136DF4EB22}.Release|x64.ActiveCfg = Release|Any CPU
		{1E154F1B-1A72-4E34-AD57-41136DF4EB22}.Release|x64.Build.0 = Release|Any CPU
		{1E154F1B-1A72-4E34-AD57-41136DF4EB22}.Release|x86.ActiveCfg = Release|Any CPU
		{1E154F1B-1A72-4E34-AD57-41136DF4EB22}.Release|x86.Build.0 = Release|Any CPU
		{65FE4329-A8EB-47F6-9620-5B0419A4A3A9}.Debug|Any CPU.ActiveCfg = Debug|Any CPU
		{65FE4329-A8EB-47F6-9620-5B0419A4A3A9}.Debug|Any CPU.Build.0 = Debug|Any CPU
		{65FE4329-A8EB-47F6-9620-5B0419A4A3A9}.Debug|x64.ActiveCfg = Debug|Any CPU
		{65FE4329-A8EB-47F6-9620-5B0419A4A3A9}.Debug|x64.Build.0 = Debug|Any CPU
		{65FE4329-A8EB-47F6-9620-5B0419A4A3A9}.Debug|x86.ActiveCfg = Debug|Any CPU
		{65FE4329-A8EB-47F6-9620-5B0419A4A3A9}.Debug|x86.Build.0 = Debug|Any CPU
		{65FE4329-A8EB-47F6-9620-5B0419A4A3A9}.Release|Any CPU.ActiveCfg = Release|Any CPU
		{65FE4329-A8EB-47F6-9620-5B0419A4A3A9}.Release|Any CPU.Build.0 = Release|Any CPU
		{65FE4329-A8EB-47F6-9620-5B0419A4A3A9}.Release|x64.ActiveCfg = Release|Any CPU
		{65FE4329-A8EB-47F6-9620-5B0419A4A3A9}.Release|x64.Build.0 = Release|Any CPU
		{65FE4329-A8EB-47F6-9620-5B0419A4A3A9}.Release|x86.ActiveCfg = Release|Any CPU
		{65FE4329-A8EB-47F6-9620-5B0419A4A3A9}.Release|x86.Build.0 = Release|Any CPU
		{048F5B29-AE8C-4234-9A92-C9DEDF059874}.Debug|Any CPU.ActiveCfg = Debug|Any CPU
		{048F5B29-AE8C-4234-9A92-C9DEDF059874}.Debug|Any CPU.Build.0 = Debug|Any CPU
		{048F5B29-AE8C-4234-9A92-C9DEDF059874}.Debug|x64.ActiveCfg = Debug|Any CPU
		{048F5B29-AE8C-4234-9A92-C9DEDF059874}.Debug|x64.Build.0 = Debug|Any CPU
		{048F5B29-AE8C-4234-9A92-C9DEDF059874}.Debug|x86.ActiveCfg = Debug|Any CPU
		{048F5B29-AE8C-4234-9A92-C9DEDF059874}.Debug|x86.Build.0 = Debug|Any CPU
		{048F5B29-AE8C-4234-9A92-C9DEDF059874}.Release|Any CPU.ActiveCfg = Release|Any CPU
		{048F5B29-AE8C-4234-9A92-C9DEDF059874}.Release|Any CPU.Build.0 = Release|Any CPU
		{048F5B29-AE8C-4234-9A92-C9DEDF059874}.Release|x64.ActiveCfg = Release|Any CPU
		{048F5B29-AE8C-4234-9A92-C9DEDF059874}.Release|x64.Build.0 = Release|Any CPU
		{048F5B29-AE8C-4234-9A92-C9DEDF059874}.Release|x86.ActiveCfg = Release|Any CPU
		{048F5B29-AE8C-4234-9A92-C9DEDF059874}.Release|x86.Build.0 = Release|Any CPU
		{315B59A0-3DB8-4973-AC6B-04FEF94C3EC3}.Debug|Any CPU.ActiveCfg = Debug|Any CPU
		{315B59A0-3DB8-4973-AC6B-04FEF94C3EC3}.Debug|Any CPU.Build.0 = Debug|Any CPU
		{315B59A0-3DB8-4973-AC6B-04FEF94C3EC3}.Debug|x64.ActiveCfg = Debug|Any CPU
		{315B59A0-3DB8-4973-AC6B-04FEF94C3EC3}.Debug|x64.Build.0 = Debug|Any CPU
		{315B59A0-3DB8-4973-AC6B-04FEF94C3EC3}.Debug|x86.ActiveCfg = Debug|Any CPU
		{315B59A0-3DB8-4973-AC6B-04FEF94C3EC3}.Debug|x86.Build.0 = Debug|Any CPU
		{315B59A0-3DB8-4973-AC6B-04FEF94C3EC3}.Release|Any CPU.ActiveCfg = Release|Any CPU
		{315B59A0-3DB8-4973-AC6B-04FEF94C3EC3}.Release|Any CPU.Build.0 = Release|Any CPU
		{315B59A0-3DB8-4973-AC6B-04FEF94C3EC3}.Release|x64.ActiveCfg = Release|Any CPU
		{315B59A0-3DB8-4973-AC6B-04FEF94C3EC3}.Release|x64.Build.0 = Release|Any CPU
		{315B59A0-3DB8-4973-AC6B-04FEF94C3EC3}.Release|x86.ActiveCfg = Release|Any CPU
		{315B59A0-3DB8-4973-AC6B-04FEF94C3EC3}.Release|x86.Build.0 = Release|Any CPU
	EndGlobalSection
	GlobalSection(SolutionProperties) = preSolution
		HideSolutionNode = FALSE
	EndGlobalSection
	GlobalSection(ExtensibilityGlobals) = postSolution
		SolutionGuid = {09FE2260-CC00-41AC-B4DF-3694D49EAB28}
	EndGlobalSection
EndGlobal
